
Microsoft Visual Studio Solution File, Format Version 12.00
# Visual Studio Version 16
VisualStudioVersion = 16.0.29920.165
MinimumVisualStudioVersion = 10.0.40219.1
Project("{FAE04EC0-301F-11D3-BF4B-00C04F79EFBC}") = "XiaoweiSDKTest", "XiaoweiSDKTest\XiaoweiSDKTest.csproj", "{ED91AF45-F3A3-43BD-9100-3B7C04827B2A}"
EndProject
Project("{8BC9CEB8-8B4A-11D0-8D11-00A0C91BC942}") = "sdkrtv2", "sdkrtv2\sdkrtv2.vcxproj", "{66BB6854-F565-4638-874B-0424A775B93E}"
EndProject
Global
	GlobalSection(SolutionConfigurationPlatforms) = preSolution
		Debug|ARM = Debug|ARM
		Debug|ARM64 = Debug|ARM64
		Debug|x64 = Debug|x64
		Debug|x86 = Debug|x86
		Release|ARM = Release|ARM
		Release|ARM64 = Release|ARM64
		Release|x64 = Release|x64
		Release|x86 = Release|x86
	EndGlobalSection
	GlobalSection(ProjectConfigurationPlatforms) = postSolution
		{ED91AF45-F3A3-43BD-9100-3B7C04827B2A}.Debug|ARM.ActiveCfg = Debug|ARM
		{ED91AF45-F3A3-43BD-9100-3B7C04827B2A}.Debug|ARM.Build.0 = Debug|ARM
		{ED91AF45-F3A3-43BD-9100-3B7C04827B2A}.Debug|ARM.Deploy.0 = Debug|ARM
		{ED91AF45-F3A3-43BD-9100-3B7C04827B2A}.Debug|ARM64.ActiveCfg = Debug|ARM64
		{ED91AF45-F3A3-43BD-9100-3B7C04827B2A}.Debug|ARM64.Build.0 = Debug|ARM64
		{ED91AF45-F3A3-43BD-9100-3B7C04827B2A}.Debug|ARM64.Deploy.0 = Debug|ARM64
		{ED91AF45-F3A3-43BD-9100-3B7C04827B2A}.Debug|x64.ActiveCfg = Debug|x64
		{ED91AF45-F3A3-43BD-9100-3B7C04827B2A}.Debug|x64.Build.0 = Debug|x64
		{ED91AF45-F3A3-43BD-9100-3B7C04827B2A}.Debug|x64.Deploy.0 = Debug|x64
		{ED91AF45-F3A3-43BD-9100-3B7C04827B2A}.Debug|x86.ActiveCfg = Debug|x86
		{ED91AF45-F3A3-43BD-9100-3B7C04827B2A}.Debug|x86.Build.0 = Debug|x86
		{ED91AF45-F3A3-43BD-9100-3B7C04827B2A}.Debug|x86.Deploy.0 = Debug|x86
		{ED91AF45-F3A3-43BD-9100-3B7C04827B2A}.Release|ARM.ActiveCfg = Release|ARM
		{ED91AF45-F3A3-43BD-9100-3B7C04827B2A}.Release|ARM.Build.0 = Release|ARM
		{ED91AF45-F3A3-43BD-9100-3B7C04827B2A}.Release|ARM.Deploy.0 = Release|ARM
		{ED91AF45-F3A3-43BD-9100-3B7C04827B2A}.Release|ARM64.ActiveCfg = Release|ARM64
		{ED91AF45-F3A3-43BD-9100-3B7C04827B2A}.Release|ARM64.Build.0 = Release|ARM64
		{ED91AF45-F3A3-43BD-9100-3B7C04827B2A}.Release|ARM64.Deploy.0 = Release|ARM64
		{ED91AF45-F3A3-43BD-9100-3B7C04827B2A}.Release|x64.ActiveCfg = Release|x64
		{ED91AF45-F3A3-43BD-9100-3B7C04827B2A}.Release|x64.Build.0 = Release|x64
		{ED91AF45-F3A3-43BD-9100-3B7C04827B2A}.Release|x64.Deploy.0 = Release|x64
		{ED91AF45-F3A3-43BD-9100-3B7C04827B2A}.Release|x86.ActiveCfg = Release|x86
		{ED91AF45-F3A3-43BD-9100-3B7C04827B2A}.Release|x86.Build.0 = Release|x86
		{ED91AF45-F3A3-43BD-9100-3B7C04827B2A}.Release|x86.Deploy.0 = Release|x86
		{66BB6854-F565-4638-874B-0424A775B93E}.Debug|ARM.ActiveCfg = Debug|ARM
		{66BB6854-F565-4638-874B-0424A775B93E}.Debug|ARM.Build.0 = Debug|ARM
		{66BB6854-F565-4638-874B-0424A775B93E}.Debug|ARM64.ActiveCfg = Debug|ARM64
		{66BB6854-F565-4638-874B-0424A775B93E}.Debug|ARM64.Build.0 = Debug|ARM64
		{66BB6854-F565-4638-874B-0424A775B93E}.Debug|x64.ActiveCfg = Debug|x64
		{66BB6854-F565-4638-874B-0424A775B93E}.Debug|x64.Build.0 = Debug|x64
		{66BB6854-F565-4638-874B-0424A775B93E}.Debug|x86.ActiveCfg = Debug|Win32
		{66BB6854-F565-4638-874B-0424A775B93E}.Debug|x86.Build.0 = Debug|Win32
		{66BB6854-F565-4638-874B-0424A775B93E}.Release|ARM.ActiveCfg = Release|ARM
		{66BB6854-F565-4638-874B-0424A775B93E}.Release|ARM.Build.0 = Release|ARM
		{66BB6854-F565-4638-874B-0424A775B93E}.Release|ARM64.ActiveCfg = Release|ARM64
		{66BB6854-F565-4638-874B-0424A775B93E}.Release|ARM64.Build.0 = Release|ARM64
		{66BB6854-F565-4638-874B-0424A775B93E}.Release|x64.ActiveCfg = Release|x64
		{66BB6854-F565-4638-874B-0424A775B93E}.Release|x64.Build.0 = Release|x64
		{66BB6854-F565-4638-874B-0424A775B93E}.Release|x86.ActiveCfg = Release|Win32
		{66BB6854-F565-4638-874B-0424A775B93E}.Release|x86.Build.0 = Release|Win32
	EndGlobalSection
	GlobalSection(SolutionProperties) = preSolution
		HideSolutionNode = FALSE
	EndGlobalSection
	GlobalSection(ExtensibilityGlobals) = postSolution
		SolutionGuid = {A8569986-DD07-4D81-A036-4014756F8588}
	EndGlobalSection
EndGlobal
